{
    "_readme": [
        "This file locks the dependencies of your project to a known state",
        "Read more about it at https://getcomposer.org/doc/01-basic-usage.md#composer-lock-the-lock-file",
        "This file is @generated automatically"
    ],
    "hash": "0b85a935162d0b25da8ad5e4f4978d4c",
    "content-hash": "37c2aa7386efc49387f4bece3d0ba179",
    "packages": [],
    "packages-dev": [
        {
            "name": "phalcon/ide-stubs",
            "version": "v3.3.0",
            "source": {
                "type": "git",
                "url": "https://github.com/phalcon/ide-stubs.git",
                "reference": "e22d3f2c8b1e60a206a88d5dda07ec3e34dece3b"
            },
            "dist": {
                "type": "zip",
                "url": "https://files.phpcomposer.com/files/phalcon/ide-stubs/e22d3f2c8b1e60a206a88d5dda07ec3e34dece3b.zip",
                "reference": "e22d3f2c8b1e60a206a88d5dda07ec3e34dece3b",
                "shasum": ""
            },
            "require": {
                "php": ">=5.3.0"
            },
            "type": "library",
            "notification-url": "https://packagist.org/downloads/",
            "license": [
                "BSD-3-Clause"
            ],
            "authors": [
                {
                    "name": "Phalcon Team",
                    "email": "team@phalconphp.com",
                    "homepage": "https://phalconphp.com/en/team"
                },
                {
                    "name": "Contributors",
                    "homepage": "https://github.com/phalcon/ide-stubs/graphs/contributors"
                }
            ],
            "description": "The most complete Phalcon Framework IDE stubs library which enables autocompletion in modern IDEs.",
            "homepage": "https://phalconphp.com",
            "keywords": [
                "Devtools",
                "Eclipse",
                "autocomplete",
                "ide",
                "netbeans",
                "phalcon",
                "phpstorm",
                "stub",
                "stubs"
            ],
            "time": "2017-12-25 15:12:50"
        }
    ],
    "aliases": [],
    "minimum-stability": "stable",
    "stability-flags": [],
    "prefer-stable": false,
    "prefer-lowest": false,
    "platform": [],
    "platform-dev": []
}
